
Microsoft Visual Studio Solution File, Format Version 11.00
# Visual C++ Express 2010
Project("{8BC9CEB8-8B4A-11D0-8D11-00A0C91BC942}") = "reset-all", "reset-all\reset-all.vcxproj", "{ADEA86A0-D54B-4A6C-80B8-36DC7F9E7851}"
EndProject
Global
	GlobalSection(SolutionConfigurationPlatforms) = preSolution
		Debug|Win32 = Debug|Win32
		Release|Win32 = Release|Win32
	EndGlobalSection
	GlobalSection(ProjectConfigurationPlatforms) = postSolution
		{ADEA86A0-D54B-4A6C-80B8-36DC7F9E7851}.Debug|Win32.ActiveCfg = Debug|Win32
		{ADEA86A0-D54B-4A6C-80B8-36DC7F9E7851}.Debug|Win32.Build.0 = Debug|Win32
		{ADEA86A0-D54B-4A6C-80B8-36DC7F9E7851}.Release|Win32.ActiveCfg = Release|Win32
		{ADEA86A0-D54B-4A6C-80B8-36DC7F9E7851}.Release|Win32.Build.0 = Release|Win32
	EndGlobalSection
	GlobalSection(SolutionProperties) = preSolution
		HideSolutionNode = FALSE
	EndGlobalSection
EndGlobal
